Microsoft Visual Studio Solution File, Format Version 12.00
# Visual Studio Version 17
VisualStudioVersion = 17.5.2.0
MinimumVisualStudioVersion = 10.0.40219.1
Project("{FAE04EC0-301F-11D3-BF4B-00C04F79EFBC}") = "Planet9", "Planet9.csproj", "{9D2E9C51-CD58-033E-FEEA-9DC5F13FBC52}"
EndProject
Global
	GlobalSection(SolutionConfigurationPlatforms) = preSolution
		Debug|Any CPU = Debug|Any CPU
		Release|Any CPU = Release|Any CPU
	EndGlobalSection
	GlobalSection(ProjectConfigurationPlatforms) = postSolution
		{9D2E9C51-CD58-033E-FEEA-9DC5F13FBC52}.Debug|Any CPU.ActiveCfg = Debug|Any CPU
		{9D2E9C51-CD58-033E-FEEA-9DC5F13FBC52}.Debug|Any CPU.Build.0 = Debug|Any CPU
		{9D2E9C51-CD58-033E-FEEA-9DC5F13FBC52}.Release|Any CPU.ActiveCfg = Release|Any CPU
		{9D2E9C51-CD58-033E-FEEA-9DC5F13FBC52}.Release|Any CPU.Build.0 = Release|Any CPU
	EndGlobalSection
	GlobalSection(SolutionProperties) = preSolution
		HideSolutionNode = FALSE
	EndGlobalSection
	GlobalSection(ExtensibilityGlobals) = postSolution
		SolutionGuid = {550C357C-4F41-4E55-AE25-0F6B5F4BDF98}
	EndGlobalSection
EndGlobal
